// !$*UTF8*$!
{
	archiveVersion = 1;
	classes = {
	};
	objectVersion = 50;
	objects = {

/* Begin PBXBuildFile section */
		5B053DA5211A2196001343D1 /* UIViewController+Storyboard.m in Sources */ = {isa = PBXBuildFile; fileRef = 5B053DA3211A2196001343D1 /* UIViewController+Storyboard.m */; };
		5B23D357210DAA0100147002 /* BG_transfer.jpg in Resources */ = {isa = PBXBuildFile; fileRef = 5B23D356210DAA0100147002 /* BG_transfer.jpg */; };
		5B23D359210E23F200147002 /* Next.png in Resources */ = {isa = PBXBuildFile; fileRef = 5B23D358210E23F200147002 /* Next.png */; };
		5B23D35B210E240000147002 /* Pre.png in Resources */ = {isa = PBXBuildFile; fileRef = 5B23D35A210E240000147002 /* Pre.png */; };
		5B23D360210E26A500147002 /* Loop1.png in Resources */ = {isa = PBXBuildFile; fileRef = 5B23D35C210E26A400147002 /* Loop1.png */; };
		5B23D361210E26A500147002 /* Loop2.png in Resources */ = {isa = PBXBuildFile; fileRef = 5B23D35D210E26A400147002 /* Loop2.png */; };
		5B23D362210E26A500147002 /* list1.png in Resources */ = {isa = PBXBuildFile; fileRef = 5B23D35E210E26A500147002 /* list1.png */; };
		5B23D363210E26A500147002 /* List2.png in Resources */ = {isa = PBXBuildFile; fileRef = 5B23D35F210E26A500147002 /* List2.png */; };
		5B23D366210E274800147002 /* pause.png in Resources */ = {isa = PBXBuildFile; fileRef = 5B23D364210E274800147002 /* pause.png */; };
		5B23D367210E274800147002 /* play.png in Resources */ = {isa = PBXBuildFile; fileRef = 5B23D365210E274800147002 /* play.png */; };
		5B23D36B210E2B0700147002 /* Line.png in Resources */ = {isa = PBXBuildFile; fileRef = 5B23D36A210E2B0700147002 /* Line.png */; };
		5B23D36D210E2C0000147002 /* LinePause.png in Resources */ = {isa = PBXBuildFile; fileRef = 5B23D36C210E2C0000147002 /* LinePause.png */; };
		5B23D371210E2C6A00147002 /* LinePlay.png in Resources */ = {isa = PBXBuildFile; fileRef = 5B23D370210E2C6900147002 /* LinePlay.png */; };
		5B23D373210E2CC300147002 /* reset.png in Resources */ = {isa = PBXBuildFile; fileRef = 5B23D372210E2CC300147002 /* reset.png */; };
		5B23D375210E2D7700147002 /* Record.png in Resources */ = {isa = PBXBuildFile; fileRef = 5B23D374210E2D7600147002 /* Record.png */; };
		5B23D377210E2D7C00147002 /* stoprecord.png in Resources */ = {isa = PBXBuildFile; fileRef = 5B23D376210E2D7C00147002 /* stoprecord.png */; };
		5B6A39E9210AF98A00FFBAF8 /* RecordButton_highlight.png in Resources */ = {isa = PBXBuildFile; fileRef = 5B6A39E5210AF98900FFBAF8 /* RecordButton_highlight.png */; };
		5B6A39EA210AF98A00FFBAF8 /* PlayButton_highlight.png in Resources */ = {isa = PBXBuildFile; fileRef = 5B6A39E6210AF98900FFBAF8 /* PlayButton_highlight.png */; };
		5B6A39EB210AF98A00FFBAF8 /* PlayButton.png in Resources */ = {isa = PBXBuildFile; fileRef = 5B6A39E7210AF98900FFBAF8 /* PlayButton.png */; };
		5B6A39EC210AF98A00FFBAF8 /* RecordButton.png in Resources */ = {isa = PBXBuildFile; fileRef = 5B6A39E8210AF98900FFBAF8 /* RecordButton.png */; };
		5BD7CF852124F10A008C36FB /* LaunchScreen.jpg in Resources */ = {isa = PBXBuildFile; fileRef = 5BD7CF842124F10A008C36FB /* LaunchScreen.jpg */; };
		5BE01F3C2109B7D400D0C880 /* BG_Image_2.jpg in Resources */ = {isa = PBXBuildFile; fileRef = 5BE01F3B2109B7D400D0C880 /* BG_Image_2.jpg */; };
		5BE01F3E2109CD1A00D0C880 /* BG_Image_3.jpg in Resources */ = {isa = PBXBuildFile; fileRef = 5BE01F3D2109CD1900D0C880 /* BG_Image_3.jpg */; };
		5BE24E0520FDCB15007240DF /* DrawView.m in Sources */ = {isa = PBXBuildFile; fileRef = 5BE24E0420FDCB15007240DF /* DrawView.m */; };
		5BE58E4821085A6E00A6B6D8 /* HTTPErrorResponse.m in Sources */ = {isa = PBXBuildFile; fileRef = 5BE58E2821085A6E00A6B6D8 /* HTTPErrorResponse.m */; };
		5BE58E4921085A6E00A6B6D8 /* HTTPDataResponse.m in Sources */ = {isa = PBXBuildFile; fileRef = 5BE58E2921085A6E00A6B6D8 /* HTTPDataResponse.m */; };
		5BE58E4A21085A6E00A6B6D8 /* HTTPDynamicFileResponse.m in Sources */ = {isa = PBXBuildFile; fileRef = 5BE58E2B21085A6E00A6B6D8 /* HTTPDynamicFileResponse.m */; };
		5BE58E4B21085A6E00A6B6D8 /* HTTPFileResponse.m in Sources */ = {isa = PBXBuildFile; fileRef = 5BE58E2C21085A6E00A6B6D8 /* HTTPFileResponse.m */; };
		5BE58E4C21085A6E00A6B6D8 /* HTTPAsyncFileResponse.m in Sources */ = {isa = PBXBuildFile; fileRef = 5BE58E2D21085A6E00A6B6D8 /* HTTPAsyncFileResponse.m */; };
		5BE58E4D21085A6E00A6B6D8 /* HTTPRedirectResponse.m in Sources */ = {isa = PBXBuildFile; fileRef = 5BE58E2E21085A6E00A6B6D8 /* HTTPRedirectResponse.m */; };
		5BE58E4E21085A6E00A6B6D8 /* HTTPMessage.m in Sources */ = {isa = PBXBuildFile; fileRef = 5BE58E3421085A6E00A6B6D8 /* HTTPMessage.m */; };
		5BE58E4F21085A6E00A6B6D8 /* HTTPConnection.m in Sources */ = {isa = PBXBuildFile; fileRef = 5BE58E3521085A6E00A6B6D8 /* HTTPConnection.m */; };
		5BE58E5021085A6E00A6B6D8 /* WebSocket.m in Sources */ = {isa = PBXBuildFile; fileRef = 5BE58E3621085A6E00A6B6D8 /* WebSocket.m */; };
		5BE58E5121085A6E00A6B6D8 /* MultipartMessageHeaderField.m in Sources */ = {isa = PBXBuildFile; fileRef = 5BE58E3B21085A6E00A6B6D8 /* MultipartMessageHeaderField.m */; };
		5BE58E5221085A6E00A6B6D8 /* MultipartFormDataParser.m in Sources */ = {isa = PBXBuildFile; fileRef = 5BE58E3C21085A6E00A6B6D8 /* MultipartFormDataParser.m */; };
		5BE58E5321085A6E00A6B6D8 /* MultipartMessageHeader.m in Sources */ = {isa = PBXBuildFile; fileRef = 5BE58E3D21085A6E00A6B6D8 /* MultipartMessageHeader.m */; };
		5BE58E5421085A6E00A6B6D8 /* HTTPAuthenticationRequest.m in Sources */ = {isa = PBXBuildFile; fileRef = 5BE58E3F21085A6E00A6B6D8 /* HTTPAuthenticationRequest.m */; };
		5BE58E5521085A6E00A6B6D8 /* DDNumber.m in Sources */ = {isa = PBXBuildFile; fileRef = 5BE58E4121085A6E00A6B6D8 /* DDNumber.m */; };
		5BE58E5621085A6E00A6B6D8 /* DDData.m in Sources */ = {isa = PBXBuildFile; fileRef = 5BE58E4221085A6E00A6B6D8 /* DDData.m */; };
		5BE58E5721085A6E00A6B6D8 /* DDRange.m in Sources */ = {isa = PBXBuildFile; fileRef = 5BE58E4521085A6E00A6B6D8 /* DDRange.m */; };
		5BE58E5821085A6E00A6B6D8 /* HTTPServer.m in Sources */ = {isa = PBXBuildFile; fileRef = 5BE58E4721085A6E00A6B6D8 /* HTTPServer.m */; };
		5BE58E6F21085B1000A6B6D8 /* GCDAsyncSocket.m in Sources */ = {isa = PBXBuildFile; fileRef = 5BE58E5A21085B1000A6B6D8 /* GCDAsyncSocket.m */; };
		5BE58E7021085B1000A6B6D8 /* About.txt in Resources */ = {isa = PBXBuildFile; fileRef = 5BE58E5B21085B1000A6B6D8 /* About.txt */; };
		5BE58E7121085B1000A6B6D8 /* DDTTYLogger.m in Sources */ = {isa = PBXBuildFile; fileRef = 5BE58E5E21085B1000A6B6D8 /* DDTTYLogger.m */; };
		5BE58E7221085B1000A6B6D8 /* DDASLLogger.m in Sources */ = {isa = PBXBuildFile; fileRef = 5BE58E6121085B1000A6B6D8 /* DDASLLogger.m */; };
		5BE58E7321085B1000A6B6D8 /* ContextFilterLogFormatter.m in Sources */ = {isa = PBXBuildFile; fileRef = 5BE58E6621085B1000A6B6D8 /* ContextFilterLogFormatter.m */; };
		5BE58E7421085B1000A6B6D8 /* DispatchQueueLogFormatter.m in Sources */ = {isa = PBXBuildFile; fileRef = 5BE58E6721085B1000A6B6D8 /* DispatchQueueLogFormatter.m */; };
		5BE58E7521085B1000A6B6D8 /* README.txt in Resources */ = {isa = PBXBuildFile; fileRef = 5BE58E6821085B1000A6B6D8 /* README.txt */; };
		5BE58E7621085B1000A6B6D8 /* DDLog.m in Sources */ = {isa = PBXBuildFile; fileRef = 5BE58E6921085B1000A6B6D8 /* DDLog.m */; };
		5BE58E7721085B1000A6B6D8 /* About.txt in Resources */ = {isa = PBXBuildFile; fileRef = 5BE58E6A21085B1000A6B6D8 /* About.txt */; };
		5BE58E7821085B1000A6B6D8 /* DDAbstractDatabaseLogger.m in Sources */ = {isa = PBXBuildFile; fileRef = 5BE58E6C21085B1000A6B6D8 /* DDAbstractDatabaseLogger.m */; };
		5BE58E7921085B1000A6B6D8 /* DDFileLogger.m in Sources */ = {isa = PBXBuildFile; fileRef = 5BE58E6D21085B1000A6B6D8 /* DDFileLogger.m */; };
		5BE58E8221085E3F00A6B6D8 /* BG_Image.jpg in Resources */ = {isa = PBXBuildFile; fileRef = 5BE58E8121085E3E00A6B6D8 /* BG_Image.jpg */; };
		5BE67BDB20F1E7B60050DDCD /* AppDelegate.m in Sources */ = {isa = PBXBuildFile; fileRef = 5BE67BDA20F1E7B60050DDCD /* AppDelegate.m */; };
		5BE67BE120F1E7B70050DDCD /* Main.storyboard in Resources */ = {isa = PBXBuildFile; fileRef = 5BE67BDF20F1E7B70050DDCD /* Main.storyboard */; };
		5BE67BE420F1E7B70050DDCD /* FinalMajorProject.xcdatamodeld in Sources */ = {isa = PBXBuildFile; fileRef = 5BE67BE220F1E7B70050DDCD /* FinalMajorProject.xcdatamodeld */; };
		5BE67BE620F1E7B80050DDCD /* Assets.xcassets in Resources */ = {isa = PBXBuildFile; fileRef = 5BE67BE520F1E7B80050DDCD /* Assets.xcassets */; };
		5BE67BE920F1E7B80050DDCD /* LaunchScreen.storyboard in Resources */ = {isa = PBXBuildFile; fileRef = 5BE67BE720F1E7B80050DDCD /* LaunchScreen.storyboard */; };
		5BE67BEC20F1E7B80050DDCD /* main.m in Sources */ = {isa = PBXBuildFile; fileRef = 5BE67BEB20F1E7B80050DDCD /* main.m */; };
		5BE67BF620F1E7B80050DDCD /* FinalMajorProjectTests.m in Sources */ = {isa = PBXBuildFile; fileRef = 5BE67BF520F1E7B80050DDCD /* FinalMajorProjectTests.m */; };
		5BE67C0120F1E7B80050DDCD /* FinalMajorProjectUITests.m in Sources */ = {isa = PBXBuildFile; fileRef = 5BE67C0020F1E7B80050DDCD /* FinalMajorProjectUITests.m */; };
		5BEDC89E20F33B9400996F53 /* MyHTTPConnection.m in Sources */ = {isa = PBXBuildFile; fileRef = 5BEDC89A20F33B9400996F53 /* MyHTTPConnection.m */; };
		5BEDC89F20F33B9400996F53 /* index.html in Resources */ = {isa = PBXBuildFile; fileRef = 5BEDC89C20F33B9400996F53 /* index.html */; };
		5BEDC8A020F33B9400996F53 /* upload.html in Resources */ = {isa = PBXBuildFile; fileRef = 5BEDC89D20F33B9400996F53 /* upload.html */; };
		5BEDC8A620F341C600996F53 /* SJXCSMIPHelper.m in Sources */ = {isa = PBXBuildFile; fileRef = 5BEDC8A420F341C600996F53 /* SJXCSMIPHelper.m */; };
		5BEDC8A920F36EE000996F53 /* UIPlayerListViewController.m in Sources */ = {isa = PBXBuildFile; fileRef = 5BEDC8A820F36EE000996F53 /* UIPlayerListViewController.m */; };
		5BEDC8AC20F36F0400996F53 /* UIRecorderViewController.m in Sources */ = {isa = PBXBuildFile; fileRef = 5BEDC8AB20F36F0400996F53 /* UIRecorderViewController.m */; };
		5BEDC8AF20F36F1B00996F53 /* UIRepeatViewController.m in Sources */ = {isa = PBXBuildFile; fileRef = 5BEDC8AE20F36F1B00996F53 /* UIRepeatViewController.m */; };
		5BEDC8B520F38A6B00996F53 /* WiFiConnectController.m in Sources */ = {isa = PBXBuildFile; fileRef = 5BEDC8B420F38A6B00996F53 /* WiFiConnectController.m */; };
		5BEDC8B820F5EA3200996F53 /* UIAddViewViewController.m in Sources */ = {isa = PBXBuildFile; fileRef = 5BEDC8B720F5EA3200996F53 /* UIAddViewViewController.m */; };
		5BEDC8BB20F6072900996F53 /* DefaultInstance.m in Sources */ = {isa = PBXBuildFile; fileRef = 5BEDC8BA20F6072900996F53 /* DefaultInstance.m */; };
		5BF95E8B20FB1E390072A027 /* ViewController.m in Sources */ = {isa = PBXBuildFile; fileRef = 5BF95E8A20FB1E380072A027 /* ViewController.m */; };
		A31B4BFCC5594DB2FC02ABCE /* libPods-FinalMajorProject.a in Frameworks */ = {isa = PBXBuildFile; fileRef = 7851DDD0203243BB44FE93FD /* libPods-FinalMajorProject.a */; };
/* End PBXBuildFile section */

/* Begin PBXContainerItemProxy section */
		5BE67BF220F1E7B80050DDCD /* PBXContainerItemProxy */ = {
			isa = PBXContainerItemProxy;
			containerPortal = 5BE67BCE20F1E7B60050DDCD /* Project object */;
			proxyType = 1;
			remoteGlobalIDString = 5BE67BD520F1E7B60050DDCD;
			remoteInfo = FinalMajorProject;
		};
		5BE67BFD20F1E7B80050DDCD /* PBXContainerItemProxy */ = {
			isa = PBXContainerItemProxy;
			containerPortal = 5BE67BCE20F1E7B60050DDCD /* Project object */;
			proxyType = 1;
			remoteGlobalIDString = 5BE67BD520F1E7B60050DDCD;
			remoteInfo = FinalMajorProject;
		};
/* End PBXContainerItemProxy section */

/* Begin PBXFileReference section */
		2DF461171B7BFEC068812CCE /* Pods-FinalMajorProject.release.xcconfig */ = {isa = PBXFileReference; includeInIndex = 1; lastKnownFileType = text.xcconfig; name = "Pods-FinalMajorProject.release.xcconfig"; path = "Pods/Target Support Files/Pods-FinalMajorProject/Pods-FinalMajorProject.release.xcconfig"; sourceTree = "<group>"; };
		5B053DA3211A2196001343D1 /* UIViewController+Storyboard.m */ = {isa = PBXFileReference; fileEncoding = 4; lastKnownFileType = sourcecode.c.objc; path = "UIViewController+Storyboard.m"; sourceTree = "<group>"; };
		5B053DA4211A2196001343D1 /* UIViewController+Storyboard.h */ = {isa = PBXFileReference; fileEncoding = 4; lastKnownFileType = sourcecode.c.h; path = "UIViewController+Storyboard.h"; sourceTree = "<group>"; };
		5B23D356210DAA0100147002 /* BG_transfer.jpg */ = {isa = PBXFileReference; lastKnownFileType = image.jpeg; path = BG_transfer.jpg; sourceTree = "<group>"; };
		5B23D358210E23F200147002 /* Next.png */ = {isa = PBXFileReference; lastKnownFileType = image.png; path = Next.png; sourceTree = "<group>"; };
		5B23D35A210E240000147002 /* Pre.png */ = {isa = PBXFileReference; lastKnownFileType = image.png; path = Pre.png; sourceTree = "<group>"; };
		5B23D35C210E26A400147002 /* Loop1.png */ = {isa = PBXFileReference; lastKnownFileType = image.png; path = Loop1.png; sourceTree = "<group>"; };
		5B23D35D210E26A400147002 /* Loop2.png */ = {isa = PBXFileReference; lastKnownFileType = image.png; path = Loop2.png; sourceTree = "<group>"; };
		5B23D35E210E26A500147002 /* list1.png */ = {isa = PBXFileReference; lastKnownFileType = image.png; path = list1.png; sourceTree = "<group>"; };
		5B23D35F210E26A500147002 /* List2.png */ = {isa = PBXFileReference; lastKnownFileType = image.png; path = List2.png; sourceTree = "<group>"; };
		5B23D364210E274800147002 /* pause.png */ = {isa = PBXFileReference; lastKnownFileType = image.png; path = pause.png; sourceTree = "<group>"; };
		5B23D365210E274800147002 /* play.png */ = {isa = PBXFileReference; lastKnownFileType = image.png; path = play.png; sourceTree = "<group>"; };
		5B23D36A210E2B0700147002 /* Line.png */ = {isa = PBXFileReference; lastKnownFileType = image.png; path = Line.png; sourceTree = "<group>"; };
		5B23D36C210E2C0000147002 /* LinePause.png */ = {isa = PBXFileReference; lastKnownFileType = image.png; path = LinePause.png; sourceTree = "<group>"; };
		5B23D370210E2C6900147002 /* LinePlay.png */ = {isa = PBXFileReference; lastKnownFileType = image.png; path = LinePlay.png; sourceTree = "<group>"; };
		5B23D372210E2CC300147002 /* reset.png */ = {isa = PBXFileReference; lastKnownFileType = image.png; path = reset.png; sourceTree = "<group>"; };
		5B23D374210E2D7600147002 /* Record.png */ = {isa = PBXFileReference; lastKnownFileType = image.png; path = Record.png; sourceTree = "<group>"; };
		5B23D376210E2D7C00147002 /* stoprecord.png */ = {isa = PBXFileReference; lastKnownFileType = image.png; path = stoprecord.png; sourceTree = "<group>"; };
		5B6A39E5210AF98900FFBAF8 /* RecordButton_highlight.png */ = {isa = PBXFileReference; lastKnownFileType = image.png; path = RecordButton_highlight.png; sourceTree = "<group>"; };
		5B6A39E6210AF98900FFBAF8 /* PlayButton_highlight.png */ = {isa = PBXFileReference; lastKnownFileType = image.png; path = PlayButton_highlight.png; sourceTree = "<group>"; };
		5B6A39E7210AF98900FFBAF8 /* PlayButton.png */ = {isa = PBXFileReference; lastKnownFileType = image.png; path = PlayButton.png; sourceTree = "<group>"; };
		5B6A39E8210AF98900FFBAF8 /* RecordButton.png */ = {isa = PBXFileReference; lastKnownFileType = image.png; path = RecordButton.png; sourceTree = "<group>"; };
		5BD7CF842124F10A008C36FB /* LaunchScreen.jpg */ = {isa = PBXFileReference; lastKnownFileType = image.jpeg; path = LaunchScreen.jpg; sourceTree = "<group>"; };
		5BE01F3B2109B7D400D0C880 /* BG_Image_2.jpg */ = {isa = PBXFileReference; lastKnownFileType = image.jpeg; name = BG_Image_2.jpg; path = "../../../../毕设素材/BG_Image_2.jpg"; sourceTree = "<group>"; };
		5BE01F3D2109CD1900D0C880 /* BG_Image_3.jpg */ = {isa = PBXFileReference; lastKnownFileType = image.jpeg; path = BG_Image_3.jpg; sourceTree = "<group>"; };
		5BE24E0320FDCB15007240DF /* DrawView.h */ = {isa = PBXFileReference; lastKnownFileType = sourcecode.c.h; path = DrawView.h; sourceTree = "<group>"; };
		5BE24E0420FDCB15007240DF /* DrawView.m */ = {isa = PBXFileReference; lastKnownFileType = sourcecode.c.objc; path = DrawView.m; sourceTree = "<group>"; };
		5BE58E2121085A6E00A6B6D8 /* HTTPConnection.h */ = {isa = PBXFileReference; fileEncoding = 4; lastKnownFileType = sourcecode.c.h; path = HTTPConnection.h; sourceTree = "<group>"; };
		5BE58E2221085A6E00A6B6D8 /* HTTPLogging.h */ = {isa = PBXFileReference; fileEncoding = 4; lastKnownFileType = sourcecode.c.h; path = HTTPLogging.h; sourceTree = "<group>"; };
		5BE58E2321085A6E00A6B6D8 /* HTTPMessage.h */ = {isa = PBXFileReference; fileEncoding = 4; lastKnownFileType = sourcecode.c.h; path = HTTPMessage.h; sourceTree = "<group>"; };
		5BE58E2421085A6E00A6B6D8 /* WebSocket.h */ = {isa = PBXFileReference; fileEncoding = 4; lastKnownFileType = sourcecode.c.h; path = WebSocket.h; sourceTree = "<group>"; };
		5BE58E2521085A6E00A6B6D8 /* HTTPAuthenticationRequest.h */ = {isa = PBXFileReference; fileEncoding = 4; lastKnownFileType = sourcecode.c.h; path = HTTPAuthenticationRequest.h; sourceTree = "<group>"; };
		5BE58E2721085A6E00A6B6D8 /* HTTPAsyncFileResponse.h */ = {isa = PBXFileReference; fileEncoding = 4; lastKnownFileType = sourcecode.c.h; path = HTTPAsyncFileResponse.h; sourceTree = "<group>"; };
		5BE58E2821085A6E00A6B6D8 /* HTTPErrorResponse.m */ = {isa = PBXFileReference; fileEncoding = 4; lastKnownFileType = sourcecode.c.objc; path = HTTPErrorResponse.m; sourceTree = "<group>"; };
		5BE58E2921085A6E00A6B6D8 /* HTTPDataResponse.m */ = {isa = PBXFileReference; fileEncoding = 4; lastKnownFileType = sourcecode.c.objc; path = HTTPDataResponse.m; sourceTree = "<group>"; };
		5BE58E2A21085A6E00A6B6D8 /* HTTPRedirectResponse.h */ = {isa = PBXFileReference; fileEncoding = 4; lastKnownFileType = sourcecode.c.h; path = HTTPRedirectResponse.h; sourceTree = "<group>"; };
		5BE58E2B21085A6E00A6B6D8 /* HTTPDynamicFileResponse.m */ = {isa = PBXFileReference; fileEncoding = 4; lastKnownFileType = sourcecode.c.objc; path = HTTPDynamicFileResponse.m; sourceTree = "<group>"; };
		5BE58E2C21085A6E00A6B6D8 /* HTTPFileResponse.m */ = {isa = PBXFileReference; fileEncoding = 4; lastKnownFileType = sourcecode.c.objc; path = HTTPFileResponse.m; sourceTree = "<group>"; };
		5BE58E2D21085A6E00A6B6D8 /* HTTPAsyncFileResponse.m */ = {isa = PBXFileReference; fileEncoding = 4; lastKnownFileType = sourcecode.c.objc; path = HTTPAsyncFileResponse.m; sourceTree = "<group>"; };
		5BE58E2E21085A6E00A6B6D8 /* HTTPRedirectResponse.m */ = {isa = PBXFileReference; fileEncoding = 4; lastKnownFileType = sourcecode.c.objc; path = HTTPRedirectResponse.m; sourceTree = "<group>"; };
		5BE58E2F21085A6E00A6B6D8 /* HTTPDataResponse.h */ = {isa = PBXFileReference; fileEncoding = 4; lastKnownFileType = sourcecode.c.h; path = HTTPDataResponse.h; sourceTree = "<group>"; };
		5BE58E3021085A6E00A6B6D8 /* HTTPErrorResponse.h */ = {isa = PBXFileReference; fileEncoding = 4; lastKnownFileType = sourcecode.c.h; path = HTTPErrorResponse.h; sourceTree = "<group>"; };
		5BE58E3121085A6E00A6B6D8 /* HTTPFileResponse.h */ = {isa = PBXFileReference; fileEncoding = 4; lastKnownFileType = sourcecode.c.h; path = HTTPFileResponse.h; sourceTree = "<group>"; };
		5BE58E3221085A6E00A6B6D8 /* HTTPDynamicFileResponse.h */ = {isa = PBXFileReference; fileEncoding = 4; lastKnownFileType = sourcecode.c.h; path = HTTPDynamicFileResponse.h; sourceTree = "<group>"; };
		5BE58E3321085A6E00A6B6D8 /* HTTPServer.h */ = {isa = PBXFileReference; fileEncoding = 4; lastKnownFileType = sourcecode.c.h; path = HTTPServer.h; sourceTree = "<group>"; };
		5BE58E3421085A6E00A6B6D8 /* HTTPMessage.m */ = {isa = PBXFileReference; fileEncoding = 4; lastKnownFileType = sourcecode.c.objc; path = HTTPMessage.m; sourceTree = "<group>"; };
		5BE58E3521085A6E00A6B6D8 /* HTTPConnection.m */ = {isa = PBXFileReference; fileEncoding = 4; lastKnownFileType = sourcecode.c.objc; path = HTTPConnection.m; sourceTree = "<group>"; };
		5BE58E3621085A6E00A6B6D8 /* WebSocket.m */ = {isa = PBXFileReference; fileEncoding = 4; lastKnownFileType = sourcecode.c.objc; path = WebSocket.m; sourceTree = "<group>"; };
		5BE58E3721085A6E00A6B6D8 /* HTTPResponse.h */ = {isa = PBXFileReference; fileEncoding = 4; lastKnownFileType = sourcecode.c.h; path = HTTPResponse.h; sourceTree = "<group>"; };
		5BE58E3921085A6E00A6B6D8 /* MultipartFormDataParser.h */ = {isa = PBXFileReference; fileEncoding = 4; lastKnownFileType = sourcecode.c.h; path = MultipartFormDataParser.h; sourceTree = "<group>"; };
		5BE58E3A21085A6E00A6B6D8 /* MultipartMessageHeader.h */ = {isa = PBXFileReference; fileEncoding = 4; lastKnownFileType = sourcecode.c.h; path = MultipartMessageHeader.h; sourceTree = "<group>"; };
		5BE58E3B21085A6E00A6B6D8 /* MultipartMessageHeaderField.m */ = {isa = PBXFileReference; fileEncoding = 4; lastKnownFileType = sourcecode.c.objc; path = MultipartMessageHeaderField.m; sourceTree = "<group>"; };
		5BE58E3C21085A6E00A6B6D8 /* MultipartFormDataParser.m */ = {isa = PBXFileReference; fileEncoding = 4; lastKnownFileType = sourcecode.c.objc; path = MultipartFormDataParser.m; sourceTree = "<group>"; };
		5BE58E3D21085A6E00A6B6D8 /* MultipartMessageHeader.m */ = {isa = PBXFileReference; fileEncoding = 4; lastKnownFileType = sourcecode.c.objc; path = MultipartMessageHeader.m; sourceTree = "<group>"; };
		5BE58E3E21085A6E00A6B6D8 /* MultipartMessageHeaderField.h */ = {isa = PBXFileReference; fileEncoding = 4; lastKnownFileType = sourcecode.c.h; path = MultipartMessageHeaderField.h; sourceTree = "<group>"; };
		5BE58E3F21085A6E00A6B6D8 /* HTTPAuthenticationRequest.m */ = {isa = PBXFileReference; fileEncoding = 4; lastKnownFileType = sourcecode.c.objc; path = HTTPAuthenticationRequest.m; sourceTree = "<group>"; };
		5BE58E4121085A6E00A6B6D8 /* DDNumber.m */ = {isa = PBXFileReference; fileEncoding = 4; lastKnownFileType = sourcecode.c.objc; path = DDNumber.m; sourceTree = "<group>"; };
		5BE58E4221085A6E00A6B6D8 /* DDData.m */ = {isa = PBXFileReference; fileEncoding = 4; lastKnownFileType = sourcecode.c.objc; path = DDData.m; sourceTree = "<group>"; };
		5BE58E4321085A6E00A6B6D8 /* DDRange.h */ = {isa = PBXFileReference; fileEncoding = 4; lastKnownFileType = sourcecode.c.h; path = DDRange.h; sourceTree = "<group>"; };
		5BE58E4421085A6E00A6B6D8 /* DDNumber.h */ = {isa = PBXFileReference; fileEncoding = 4; lastKnownFileType = sourcecode.c.h; path = DDNumber.h; sourceTree = "<group>"; };
		5BE58E4521085A6E00A6B6D8 /* DDRange.m */ = {isa = PBXFileReference; fileEncoding = 4; lastKnownFileType = sourcecode.c.objc; path = DDRange.m; sourceTree = "<group>"; };
		5BE58E4621085A6E00A6B6D8 /* DDData.h */ = {isa = PBXFileReference; fileEncoding = 4; lastKnownFileType = sourcecode.c.h; path = DDData.h; sourceTree = "<group>"; };
		5BE58E4721085A6E00A6B6D8 /* HTTPServer.m */ = {isa = PBXFileReference; fileEncoding = 4; lastKnownFileType = sourcecode.c.objc; path = HTTPServer.m; sourceTree = "<group>"; };
		5BE58E5A21085B1000A6B6D8 /* GCDAsyncSocket.m */ = {isa = PBXFileReference; fileEncoding = 4; lastKnownFileType = sourcecode.c.objc; path = GCDAsyncSocket.m; sourceTree = "<group>"; };
		5BE58E5B21085B1000A6B6D8 /* About.txt */ = {isa = PBXFileReference; fileEncoding = 4; lastKnownFileType = text; path = About.txt; sourceTree = "<group>"; };
		5BE58E5C21085B1000A6B6D8 /* GCDAsyncSocket.h */ = {isa = PBXFileReference; fileEncoding = 4; lastKnownFileType = sourcecode.c.h; path = GCDAsyncSocket.h; sourceTree = "<group>"; };
		5BE58E5E21085B1000A6B6D8 /* DDTTYLogger.m */ = {isa = PBXFileReference; fileEncoding = 4; lastKnownFileType = sourcecode.c.objc; path = DDTTYLogger.m; sourceTree = "<group>"; };
		5BE58E5F21085B1000A6B6D8 /* DDLog.h */ = {isa = PBXFileReference; fileEncoding = 4; lastKnownFileType = sourcecode.c.h; path = DDLog.h; sourceTree = "<group>"; };
		5BE58E6021085B1000A6B6D8 /* DDAbstractDatabaseLogger.h */ = {isa = PBXFileReference; fileEncoding = 4; lastKnownFileType = sourcecode.c.h; path = DDAbstractDatabaseLogger.h; sourceTree = "<group>"; };
		5BE58E6121085B1000A6B6D8 /* DDASLLogger.m */ = {isa = PBXFileReference; fileEncoding = 4; lastKnownFileType = sourcecode.c.objc; path = DDASLLogger.m; sourceTree = "<group>"; };
		5BE58E6221085B1000A6B6D8 /* DDFileLogger.h */ = {isa = PBXFileReference; fileEncoding = 4; lastKnownFileType = sourcecode.c.h; path = DDFileLogger.h; sourceTree = "<group>"; };
		5BE58E6421085B1000A6B6D8 /* ContextFilterLogFormatter.h */ = {isa = PBXFileReference; fileEncoding = 4; lastKnownFileType = sourcecode.c.h; path = ContextFilterLogFormatter.h; sourceTree = "<group>"; };
		5BE58E6521085B1000A6B6D8 /* DispatchQueueLogFormatter.h */ = {isa = PBXFileReference; fileEncoding = 4; lastKnownFileType = sourcecode.c.h; path = DispatchQueueLogFormatter.h; sourceTree = "<group>"; };
		5BE58E6621085B1000A6B6D8 /* ContextFilterLogFormatter.m */ = {isa = PBXFileReference; fileEncoding = 4; lastKnownFileType = sourcecode.c.objc; path = ContextFilterLogFormatter.m; sourceTree = "<group>"; };
		5BE58E6721085B1000A6B6D8 /* DispatchQueueLogFormatter.m */ = {isa = PBXFileReference; fileEncoding = 4; lastKnownFileType = sourcecode.c.objc; path = DispatchQueueLogFormatter.m; sourceTree = "<group>"; };
		5BE58E6821085B1000A6B6D8 /* README.txt */ = {isa = PBXFileReference; fileEncoding = 4; lastKnownFileType = text; path = README.txt; sourceTree = "<group>"; };
		5BE58E6921085B1000A6B6D8 /* DDLog.m */ = {isa = PBXFileReference; fileEncoding = 4; lastKnownFileType = sourcecode.c.objc; path = DDLog.m; sourceTree = "<group>"; };
		5BE58E6A21085B1000A6B6D8 /* About.txt */ = {isa = PBXFileReference; fileEncoding = 4; lastKnownFileType = text; path = About.txt; sourceTree = "<group>"; };
		5BE58E6B21085B1000A6B6D8 /* DDTTYLogger.h */ = {isa = PBXFileReference; fileEncoding = 4; lastKnownFileType = sourcecode.c.h; path = DDTTYLogger.h; sourceTree = "<group>"; };
		5BE58E6C21085B1000A6B6D8 /* DDAbstractDatabaseLogger.m */ = {isa = PBXFileReference; fileEncoding = 4; lastKnownFileType = sourcecode.c.objc; path = DDAbstractDatabaseLogger.m; sourceTree = "<group>"; };
		5BE58E6D21085B1000A6B6D8 /* DDFileLogger.m */ = {isa = PBXFileReference; fileEncoding = 4; lastKnownFileType = sourcecode.c.objc; path = DDFileLogger.m; sourceTree = "<group>"; };
		5BE58E6E21085B1000A6B6D8 /* DDASLLogger.h */ = {isa = PBXFileReference; fileEncoding = 4; lastKnownFileType = sourcecode.c.h; path = DDASLLogger.h; sourceTree = "<group>"; };
		5BE58E8121085E3E00A6B6D8 /* BG_Image.jpg */ = {isa = PBXFileReference; lastKnownFileType = image.jpeg; path = BG_Image.jpg; sourceTree = "<group>"; };
		5BE67BD620F1E7B60050DDCD /* FinalMajorProject.app */ = {isa = PBXFileReference; explicitFileType = wrapper.application; includeInIndex = 0; path = FinalMajorProject.app; sourceTree = BUILT_PRODUCTS_DIR; };
		5BE67BD920F1E7B60050DDCD /* AppDelegate.h */ = {isa = PBXFileReference; lastKnownFileType = sourcecode.c.h; path = AppDelegate.h; sourceTree = "<group>"; };
		5BE67BDA20F1E7B60050DDCD /* AppDelegate.m */ = {isa = PBXFileReference; lastKnownFileType = sourcecode.c.objc; path = AppDelegate.m; sourceTree = "<group>"; };
		5BE67BE020F1E7B70050DDCD /* Base */ = {isa = PBXFileReference; lastKnownFileType = file.storyboard; name = Base; path = Base.lproj/Main.storyboard; sourceTree = "<group>"; };
		5BE67BE320F1E7B70050DDCD /* FinalMajorProject.xcdatamodel */ = {isa = PBXFileReference; lastKnownFileType = wrapper.xcdatamodel; path = FinalMajorProject.xcdatamodel; sourceTree = "<group>"; };
		5BE67BE520F1E7B80050DDCD /* Assets.xcassets */ = {isa = PBXFileReference; lastKnownFileType = folder.assetcatalog; path = Assets.xcassets; sourceTree = "<group>"; };
		5BE67BE820F1E7B80050DDCD /* Base */ = {isa = PBXFileReference; lastKnownFileType = file.storyboard; name = Base; path = Base.lproj/LaunchScreen.storyboard; sourceTree = "<group>"; };
		5BE67BEA20F1E7B80050DDCD /* Info.plist */ = {isa = PBXFileReference; lastKnownFileType = text.plist.xml; path = Info.plist; sourceTree = "<group>"; };
		5BE67BEB20F1E7B80050DDCD /* main.m */ = {isa = PBXFileReference; lastKnownFileType = sourcecode.c.objc; path = main.m; sourceTree = "<group>"; };
		5BE67BF120F1E7B80050DDCD /* FinalMajorProjectTests.xctest */ = {isa = PBXFileReference; explicitFileType = wrapper.cfbundle; includeInIndex = 0; path = FinalMajorProjectTests.xctest; sourceTree = BUILT_PRODUCTS_DIR; };
		5BE67BF520F1E7B80050DDCD /* FinalMajorProjectTests.m */ = {isa = PBXFileReference; lastKnownFileType = sourcecode.c.objc; path = FinalMajorProjectTests.m; sourceTree = "<group>"; };
		5BE67BF720F1E7B80050DDCD /* Info.plist */ = {isa = PBXFileReference; lastKnownFileType = text.plist.xml; path = Info.plist; sourceTree = "<group>"; };
		5BE67BFC20F1E7B80050DDCD /* FinalMajorProjectUITests.xctest */ = {isa = PBXFileReference; explicitFileType = wrapper.cfbundle; includeInIndex = 0; path = FinalMajorProjectUITests.xctest; sourceTree = BUILT_PRODUCTS_DIR; };
		5BE67C0020F1E7B80050DDCD /* FinalMajorProjectUITests.m */ = {isa = PBXFileReference; lastKnownFileType = sourcecode.c.objc; path = FinalMajorProjectUITests.m; sourceTree = "<group>"; };
		5BE67C0220F1E7B80050DDCD /* Info.plist */ = {isa = PBXFileReference; lastKnownFileType = text.plist.xml; path = Info.plist; sourceTree = "<group>"; };
		5BEDC89920F33B9400996F53 /* MyHTTPConnection.h */ = {isa = PBXFileReference; fileEncoding = 4; lastKnownFileType = sourcecode.c.h; path = MyHTTPConnection.h; sourceTree = "<group>"; };
		5BEDC89A20F33B9400996F53 /* MyHTTPConnection.m */ = {isa = PBXFileReference; fileEncoding = 4; lastKnownFileType = sourcecode.c.objc; path = MyHTTPConnection.m; sourceTree = "<group>"; };
		5BEDC89C20F33B9400996F53 /* index.html */ = {isa = PBXFileReference; fileEncoding = 4; lastKnownFileType = text.html; path = index.html; sourceTree = "<group>"; };
		5BEDC89D20F33B9400996F53 /* upload.html */ = {isa = PBXFileReference; fileEncoding = 4; lastKnownFileType = text.html; path = upload.html; sourceTree = "<group>"; };
		5BEDC8A420F341C600996F53 /* SJXCSMIPHelper.m */ = {isa = PBXFileReference; lastKnownFileType = sourcecode.c.objc; path = SJXCSMIPHelper.m; sourceTree = "<group>"; };
		5BEDC8A520F341C600996F53 /* SJXCSMIPHelper.h */ = {isa = PBXFileReference; lastKnownFileType = sourcecode.c.h; path = SJXCSMIPHelper.h; sourceTree = "<group>"; };
		5BEDC8A720F36EE000996F53 /* UIPlayerListViewController.h */ = {isa = PBXFileReference; lastKnownFileType = sourcecode.c.h; path = UIPlayerListViewController.h; sourceTree = "<group>"; };
		5BEDC8A820F36EE000996F53 /* UIPlayerListViewController.m */ = {isa = PBXFileReference; lastKnownFileType = sourcecode.c.objc; path = UIPlayerListViewController.m; sourceTree = "<group>"; };
		5BEDC8AA20F36F0400996F53 /* UIRecorderViewController.h */ = {isa = PBXFileReference; lastKnownFileType = sourcecode.c.h; path = UIRecorderViewController.h; sourceTree = "<group>"; };
		5BEDC8AB20F36F0400996F53 /* UIRecorderViewController.m */ = {isa = PBXFileReference; lastKnownFileType = sourcecode.c.objc; path = UIRecorderViewController.m; sourceTree = "<group>"; };
		5BEDC8AD20F36F1B00996F53 /* UIRepeatViewController.h */ = {isa = PBXFileReference; lastKnownFileType = sourcecode.c.h; path = UIRepeatViewController.h; sourceTree = "<group>"; };
		5BEDC8AE20F36F1B00996F53 /* UIRepeatViewController.m */ = {isa = PBXFileReference; lastKnownFileType = sourcecode.c.objc; path = UIRepeatViewController.m; sourceTree = "<group>"; };
		5BEDC8B320F38A6B00996F53 /* WiFiConnectController.h */ = {isa = PBXFileReference; lastKnownFileType = sourcecode.c.h; path = WiFiConnectController.h; sourceTree = "<group>"; };
		5BEDC8B420F38A6B00996F53 /* WiFiConnectController.m */ = {isa = PBXFileReference; lastKnownFileType = sourcecode.c.objc; path = WiFiConnectController.m; sourceTree = "<group>"; };
		5BEDC8B620F5EA3200996F53 /* UIAddViewViewController.h */ = {isa = PBXFileReference; lastKnownFileType = sourcecode.c.h; path = UIAddViewViewController.h; sourceTree = "<group>"; };
		5BEDC8B720F5EA3200996F53 /* UIAddViewViewController.m */ = {isa = PBXFileReference; lastKnownFileType = sourcecode.c.objc; path = UIAddViewViewController.m; sourceTree = "<group>"; };
		5BEDC8B920F6072900996F53 /* DefaultInstance.h */ = {isa = PBXFileReference; lastKnownFileType = sourcecode.c.h; path = DefaultInstance.h; sourceTree = "<group>"; };
		5BEDC8BA20F6072900996F53 /* DefaultInstance.m */ = {isa = PBXFileReference; lastKnownFileType = sourcecode.c.objc; path = DefaultInstance.m; sourceTree = "<group>"; };
		5BF95E8920FB1E380072A027 /* ViewController.h */ = {isa = PBXFileReference; fileEncoding = 4; lastKnownFileType = sourcecode.c.h; path = ViewController.h; sourceTree = "<group>"; };
		5BF95E8A20FB1E380072A027 /* ViewController.m */ = {isa = PBXFileReference; fileEncoding = 4; lastKnownFileType = sourcecode.c.objc; path = ViewController.m; sourceTree = "<group>"; };
		77505A9AC9214C8453AE3B63 /* Pods-FinalMajorProject.debug.xcconfig */ = {isa = PBXFileReference; includeInIndex = 1; lastKnownFileType = text.xcconfig; name = "Pods-FinalMajorProject.debug.xcconfig"; path = "Pods/Target Support Files/Pods-FinalMajorProject/Pods-FinalMajorProject.debug.xcconfig"; sourceTree = "<group>"; };
		7851DDD0203243BB44FE93FD /* libPods-FinalMajorProject.a */ = {isa = PBXFileReference; explicitFileType = archive.ar; includeInIndex = 0; path = "libPods-FinalMajorProject.a"; sourceTree = BUILT_PRODUCTS_DIR; };
/* End PBXFileReference section */

/* Begin PBXFrameworksBuildPhase section */
		5BE67BD320F1E7B60050DDCD /* Frameworks */ = {
			isa = PBXFrameworksBuildPhase;
			buildActionMask = 2147483647;
			files = (
				A31B4BFCC5594DB2FC02ABCE /* libPods-FinalMajorProject.a in Frameworks */,
			);
			runOnlyForDeploymentPostprocessing = 0;
		};
		5BE67BEE20F1E7B80050DDCD /* Frameworks */ = {
			isa = PBXFrameworksBuildPhase;
			buildActionMask = 2147483647;
			files = (
			);
			runOnlyForDeploymentPostprocessing = 0;
		};
		5BE67BF920F1E7B80050DDCD /* Frameworks */ = {
			isa = PBXFrameworksBuildPhase;
			buildActionMask = 2147483647;
			files = (
			);
			runOnlyForDeploymentPostprocessing = 0;
		};
/* End PBXFrameworksBuildPhase section */

/* Begin PBXGroup section */
		5BE58E2021085A6E00A6B6D8 /* Core */ = {
			isa = PBXGroup;
			children = (
				5BE58E2121085A6E00A6B6D8 /* HTTPConnection.h */,
				5BE58E2221085A6E00A6B6D8 /* HTTPLogging.h */,
				5BE58E2321085A6E00A6B6D8 /* HTTPMessage.h */,
				5BE58E2421085A6E00A6B6D8 /* WebSocket.h */,
				5BE58E2521085A6E00A6B6D8 /* HTTPAuthenticationRequest.h */,
				5BE58E2621085A6E00A6B6D8 /* Responses */,
				5BE58E3321085A6E00A6B6D8 /* HTTPServer.h */,
				5BE58E3421085A6E00A6B6D8 /* HTTPMessage.m */,
				5BE58E3521085A6E00A6B6D8 /* HTTPConnection.m */,
				5BE58E3621085A6E00A6B6D8 /* WebSocket.m */,
				5BE58E3721085A6E00A6B6D8 /* HTTPResponse.h */,
				5BE58E3821085A6E00A6B6D8 /* Mime */,
				5BE58E3F21085A6E00A6B6D8 /* HTTPAuthenticationRequest.m */,
				5BE58E4021085A6E00A6B6D8 /* Categories */,
				5BE58E4721085A6E00A6B6D8 /* HTTPServer.m */,
			);
			path = Core;
			sourceTree = "<group>";
		};
		5BE58E2621085A6E00A6B6D8 /* Responses */ = {
			isa = PBXGroup;
			children = (
				5BE58E2721085A6E00A6B6D8 /* HTTPAsyncFileResponse.h */,
				5BE58E2821085A6E00A6B6D8 /* HTTPErrorResponse.m */,
				5BE58E2921085A6E00A6B6D8 /* HTTPDataResponse.m */,
				5BE58E2A21085A6E00A6B6D8 /* HTTPRedirectResponse.h */,
				5BE58E2B21085A6E00A6B6D8 /* HTTPDynamicFileResponse.m */,
				5BE58E2C21085A6E00A6B6D8 /* HTTPFileResponse.m */,
				5BE58E2D21085A6E00A6B6D8 /* HTTPAsyncFileResponse.m */,
				5BE58E2E21085A6E00A6B6D8 /* HTTPRedirectResponse.m */,
				5BE58E2F21085A6E00A6B6D8 /* HTTPDataResponse.h */,
				5BE58E3021085A6E00A6B6D8 /* HTTPErrorResponse.h */,
				5BE58E3121085A6E00A6B6D8 /* HTTPFileResponse.h */,
				5BE58E3221085A6E00A6B6D8 /* HTTPDynamicFileResponse.h */,
			);
			path = Responses;
			sourceTree = "<group>";
		};
		5BE58E3821085A6E00A6B6D8 /* Mime */ = {
			isa = PBXGroup;
			children = (
				5BE58E3921085A6E00A6B6D8 /* MultipartFormDataParser.h */,
				5BE58E3A21085A6E00A6B6D8 /* MultipartMessageHeader.h */,
				5BE58E3B21085A6E00A6B6D8 /* MultipartMessageHeaderField.m */,
				5BE58E3C21085A6E00A6B6D8 /* MultipartFormDataParser.m */,
				5BE58E3D21085A6E00A6B6D8 /* MultipartMessageHeader.m */,
				5BE58E3E21085A6E00A6B6D8 /* MultipartMessageHeaderField.h */,
			);
			path = Mime;
			sourceTree = "<group>";
		};
		5BE58E4021085A6E00A6B6D8 /* Categories */ = {
			isa = PBXGroup;
			children = (
				5BE58E4121085A6E00A6B6D8 /* DDNumber.m */,
				5BE58E4221085A6E00A6B6D8 /* DDData.m */,
				5BE58E4321085A6E00A6B6D8 /* DDRange.h */,
				5BE58E4421085A6E00A6B6D8 /* DDNumber.h */,
				5BE58E4521085A6E00A6B6D8 /* DDRange.m */,
				5BE58E4621085A6E00A6B6D8 /* DDData.h */,
			);
			path = Categories;
			sourceTree = "<group>";
		};
		5BE58E5921085B1000A6B6D8 /* CocoaAsyncSocket */ = {
			isa = PBXGroup;
			children = (
				5BE58E5A21085B1000A6B6D8 /* GCDAsyncSocket.m */,
				5BE58E5B21085B1000A6B6D8 /* About.txt */,
				5BE58E5C21085B1000A6B6D8 /* GCDAsyncSocket.h */,
			);
			path = CocoaAsyncSocket;
			sourceTree = "<group>";
		};
		5BE58E5D21085B1000A6B6D8 /* CocoaLumberjack */ = {
			isa = PBXGroup;
			children = (
				5BE58E5E21085B1000A6B6D8 /* DDTTYLogger.m */,
				5BE58E5F21085B1000A6B6D8 /* DDLog.h */,
				5BE58E6021085B1000A6B6D8 /* DDAbstractDatabaseLogger.h */,
				5BE58E6121085B1000A6B6D8 /* DDASLLogger.m */,
				5BE58E6221085B1000A6B6D8 /* DDFileLogger.h */,
				5BE58E6321085B1000A6B6D8 /* Extensions */,
				5BE58E6921085B1000A6B6D8 /* DDLog.m */,
				5BE58E6A21085B1000A6B6D8 /* About.txt */,
				5BE58E6B21085B1000A6B6D8 /* DDTTYLogger.h */,
				5BE58E6C21085B1000A6B6D8 /* DDAbstractDatabaseLogger.m */,
				5BE58E6D21085B1000A6B6D8 /* DDFileLogger.m */,
				5BE58E6E21085B1000A6B6D8 /* DDASLLogger.h */,
			);
			path = CocoaLumberjack;
			sourceTree = "<group>";
		};
		5BE58E6321085B1000A6B6D8 /* Extensions */ = {
			isa = PBXGroup;
			children = (
				5BE58E6421085B1000A6B6D8 /* ContextFilterLogFormatter.h */,
				5BE58E6521085B1000A6B6D8 /* DispatchQueueLogFormatter.h */,
				5BE58E6621085B1000A6B6D8 /* ContextFilterLogFormatter.m */,
				5BE58E6721085B1000A6B6D8 /* DispatchQueueLogFormatter.m */,
				5BE58E6821085B1000A6B6D8 /* README.txt */,
			);
			path = Extensions;
			sourceTree = "<group>";
		};
		5BE58E7A21085DD200A6B6D8 /* Recource */ = {
			isa = PBXGroup;
			children = (
				5BE58E8021085E0A00A6B6D8 /* Icon */,
				5BE58E7E21085E0A00A6B6D8 /* Image */,
				5BE58E7F21085E0A00A6B6D8 /* SoundEffect */,
				5BE58E7B21085DD200A6B6D8 /* BGM */,
			);
			path = Recource;
			sourceTree = "<group>";
		};
		5BE58E7B21085DD200A6B6D8 /* BGM */ = {
			isa = PBXGroup;
			children = (
			);
			path = BGM;
			sourceTree = "<group>";
		};
		5BE58E7E21085E0A00A6B6D8 /* Image */ = {
			isa = PBXGroup;
			children = (
				5BE01F3D2109CD1900D0C880 /* BG_Image_3.jpg */,
				5BE01F3B2109B7D400D0C880 /* BG_Image_2.jpg */,
				5BE58E8121085E3E00A6B6D8 /* BG_Image.jpg */,
				5BD7CF842124F10A008C36FB /* LaunchScreen.jpg */,
				5B6A39E6210AF98900FFBAF8 /* PlayButton_highlight.png */,
				5B23D370210E2C6900147002 /* LinePlay.png */,
				5B23D372210E2CC300147002 /* reset.png */,
				5B6A39E7210AF98900FFBAF8 /* PlayButton.png */,
				5B6A39E5210AF98900FFBAF8 /* RecordButton_highlight.png */,
				5B6A39E8210AF98900FFBAF8 /* RecordButton.png */,
				5B23D36C210E2C0000147002 /* LinePause.png */,
				5B23D36A210E2B0700147002 /* Line.png */,
				5B23D376210E2D7C00147002 /* stoprecord.png */,
				5B23D374210E2D7600147002 /* Record.png */,
				5B23D35E210E26A500147002 /* list1.png */,
				5B23D35F210E26A500147002 /* List2.png */,
				5B23D35C210E26A400147002 /* Loop1.png */,
				5B23D364210E274800147002 /* pause.png */,
				5B23D365210E274800147002 /* play.png */,
				5B23D35D210E26A400147002 /* Loop2.png */,
				5B23D356210DAA0100147002 /* BG_transfer.jpg */,
				5B23D35A210E240000147002 /* Pre.png */,
				5B23D358210E23F200147002 /* Next.png */,
			);
			path = Image;
			sourceTree = "<group>";
		};
		5BE58E7F21085E0A00A6B6D8 /* SoundEffect */ = {
			isa = PBXGroup;
			children = (
			);
			path = SoundEffect;
			sourceTree = "<group>";
		};
		5BE58E8021085E0A00A6B6D8 /* Icon */ = {
			isa = PBXGroup;
			children = (
			);
			path = Icon;
			sourceTree = "<group>";
		};
		5BE67BCD20F1E7B60050DDCD = {
			isa = PBXGroup;
			children = (
				5BEDC89920F33B9400996F53 /* MyHTTPConnection.h */,
				5BEDC89A20F33B9400996F53 /* MyHTTPConnection.m */,
				5BE58E7A21085DD200A6B6D8 /* Recource */,
				5BE58E2021085A6E00A6B6D8 /* Core */,
				5BEDC89B20F33B9400996F53 /* web */,
				5BEDC87720F33B5E00996F53 /* Vendor */,
				5BE67BD820F1E7B60050DDCD /* FinalMajorProject */,
				5BE67BF420F1E7B80050DDCD /* FinalMajorProjectTests */,
				5BE67BFF20F1E7B80050DDCD /* FinalMajorProjectUITests */,
				5BE67BD720F1E7B60050DDCD /* Products */,
				6CA73DDAD2B81E6FBCB51478 /* Pods */,
				819548A5A6D9F45CCEA0330C /* Frameworks */,
			);
			sourceTree = "<group>";
		};
		5BE67BD720F1E7B60050DDCD /* Products */ = {
			isa = PBXGroup;
			children = (
				5BE67BD620F1E7B60050DDCD /* FinalMajorProject.app */,
				5BE67BF120F1E7B80050DDCD /* FinalMajorProjectTests.xctest */,
				5BE67BFC20F1E7B80050DDCD /* FinalMajorProjectUITests.xctest */,
			);
			name = Products;
			sourceTree = "<group>";
		};
		5BE67BD820F1E7B60050DDCD /* FinalMajorProject */ = {
			isa = PBXGroup;
			children = (
				5BE67BD920F1E7B60050DDCD /* AppDelegate.h */,
				5BE67BDA20F1E7B60050DDCD /* AppDelegate.m */,
				5BEDC8A520F341C600996F53 /* SJXCSMIPHelper.h */,
				5BEDC8A420F341C600996F53 /* SJXCSMIPHelper.m */,
				5BE67BE520F1E7B80050DDCD /* Assets.xcassets */,
				5B053DA4211A2196001343D1 /* UIViewController+Storyboard.h */,
				5B053DA3211A2196001343D1 /* UIViewController+Storyboard.m */,
				5BE67BEA20F1E7B80050DDCD /* Info.plist */,
				5BE67BEB20F1E7B80050DDCD /* main.m */,
				5BE67BE220F1E7B70050DDCD /* FinalMajorProject.xcdatamodeld */,
				5BE67BE720F1E7B80050DDCD /* LaunchScreen.storyboard */,
				5BE67BDF20F1E7B70050DDCD /* Main.storyboard */,
				5BEDC8A720F36EE000996F53 /* UIPlayerListViewController.h */,
				5BEDC8A820F36EE000996F53 /* UIPlayerListViewController.m */,
				5BF95E8920FB1E380072A027 /* ViewController.h */,
				5BF95E8A20FB1E380072A027 /* ViewController.m */,
				5BEDC8AD20F36F1B00996F53 /* UIRepeatViewController.h */,
				5BEDC8AE20F36F1B00996F53 /* UIRepeatViewController.m */,
				5BEDC8AA20F36F0400996F53 /* UIRecorderViewController.h */,
				5BEDC8AB20F36F0400996F53 /* UIRecorderViewController.m */,
				5BEDC8B320F38A6B00996F53 /* WiFiConnectController.h */,
				5BEDC8B420F38A6B00996F53 /* WiFiConnectController.m */,
				5BEDC8B620F5EA3200996F53 /* UIAddViewViewController.h */,
				5BEDC8B720F5EA3200996F53 /* UIAddViewViewController.m */,
				5BEDC8B920F6072900996F53 /* DefaultInstance.h */,
				5BEDC8BA20F6072900996F53 /* DefaultInstance.m */,
				5BE24E0320FDCB15007240DF /* DrawView.h */,
				5BE24E0420FDCB15007240DF /* DrawView.m */,
			);
			path = FinalMajorProject;
			sourceTree = "<group>";
		};
		5BE67BF420F1E7B80050DDCD /* FinalMajorProjectTests */ = {
			isa = PBXGroup;
			children = (
				5BE67BF520F1E7B80050DDCD /* FinalMajorProjectTests.m */,
				5BE67BF720F1E7B80050DDCD /* Info.plist */,
			);
			path = FinalMajorProjectTests;
			sourceTree = "<group>";
		};
		5BE67BFF20F1E7B80050DDCD /* FinalMajorProjectUITests */ = {
			isa = PBXGroup;
			children = (
				5BE67C0020F1E7B80050DDCD /* FinalMajorProjectUITests.m */,
				5BE67C0220F1E7B80050DDCD /* Info.plist */,
			);
			path = FinalMajorProjectUITests;
			sourceTree = "<group>";
		};
		5BEDC87720F33B5E00996F53 /* Vendor */ = {
			isa = PBXGroup;
			children = (
				5BE58E5921085B1000A6B6D8 /* CocoaAsyncSocket */,
				5BE58E5D21085B1000A6B6D8 /* CocoaLumberjack */,
			);
			path = Vendor;
			sourceTree = "<group>";
		};
		5BEDC89B20F33B9400996F53 /* web */ = {
			isa = PBXGroup;
			children = (
				5BEDC89C20F33B9400996F53 /* index.html */,
				5BEDC89D20F33B9400996F53 /* upload.html */,
			);
			path = web;
			sourceTree = "<group>";
		};
		6CA73DDAD2B81E6FBCB51478 /* Pods */ = {
			isa = PBXGroup;
			children = (
				77505A9AC9214C8453AE3B63 /* Pods-FinalMajorProject.debug.xcconfig */,
				2DF461171B7BFEC068812CCE /* Pods-FinalMajorProject.release.xcconfig */,
			);
			name = Pods;
			sourceTree = "<group>";
		};
		819548A5A6D9F45CCEA0330C /* Frameworks */ = {
			isa = PBXGroup;
			children = (
				7851DDD0203243BB44FE93FD /* libPods-FinalMajorProject.a */,
			);
			name = Frameworks;
			sourceTree = "<group>";
		};
/* End PBXGroup section */

/* Begin PBXNativeTarget section */
		5BE67BD520F1E7B60050DDCD /* FinalMajorProject */ = {
			isa = PBXNativeTarget;
			buildConfigurationList = 5BE67C0520F1E7B90050DDCD /* Build configuration list for PBXNativeTarget "FinalMajorProject" */;
			buildPhases = (
				6EF6430A80EC6F416E5A5D92 /* [CP] Check Pods Manifest.lock */,
				5BE67BD220F1E7B60050DDCD /* Sources */,
				5BE67BD320F1E7B60050DDCD /* Frameworks */,
				5BE67BD420F1E7B60050DDCD /* Resources */,
			);
			buildRules = (
			);
			dependencies = (
			);
			name = FinalMajorProject;
			productName = FinalMajorProject;
			productReference = 5BE67BD620F1E7B60050DDCD /* FinalMajorProject.app */;
			productType = "com.apple.product-type.application";
		};
		5BE67BF020F1E7B80050DDCD /* FinalMajorProjectTests */ = {
			isa = PBXNativeTarget;
			buildConfigurationList = 5BE67C0820F1E7B90050DDCD /* Build configuration list for PBXNativeTarget "FinalMajorProjectTests" */;
			buildPhases = (
				5BE67BED20F1E7B80050DDCD /* Sources */,
				5BE67BEE20F1E7B80050DDCD /* Frameworks */,
				5BE67BEF20F1E7B80050DDCD /* Resources */,
			);
			buildRules = (
			);
			dependencies = (
				5BE67BF320F1E7B80050DDCD /* PBXTargetDependency */,
			);
			name = FinalMajorProjectTests;
			productName = FinalMajorProjectTests;
			productReference = 5BE67BF120F1E7B80050DDCD /* FinalMajorProjectTests.xctest */;
			productType = "com.apple.product-type.bundle.unit-test";
		};
		5BE67BFB20F1E7B80050DDCD /* FinalMajorProjectUITests */ = {
			isa = PBXNativeTarget;
			buildConfigurationList = 5BE67C0B20F1E7B90050DDCD /* Build configuration list for PBXNativeTarget "FinalMajorProjectUITests" */;
			buildPhases = (
				5BE67BF820F1E7B80050DDCD /* Sources */,
				5BE67BF920F1E7B80050DDCD /* Frameworks */,
				5BE67BFA20F1E7B80050DDCD /* Resources */,
			);
			buildRules = (
			);
			dependencies = (
				5BE67BFE20F1E7B80050DDCD /* PBXTargetDependency */,
			);
			name = FinalMajorProjectUITests;
			productName = FinalMajorProjectUITests;
			productReference = 5BE67BFC20F1E7B80050DDCD /* FinalMajorProjectUITests.xctest */;
			productType = "com.apple.product-type.bundle.ui-testing";
		};
/* End PBXNativeTarget section */

/* Begin PBXProject section */
		5BE67BCE20F1E7B60050DDCD /* Project object */ = {
			isa = PBXProject;
			attributes = {
				LastUpgradeCheck = 0930;
				ORGANIZATIONNAME = "xiaohan yang";
				TargetAttributes = {
					5BE67BD520F1E7B60050DDCD = {
						CreatedOnToolsVersion = 9.3;
					};
					5BE67BF020F1E7B80050DDCD = {
						CreatedOnToolsVersion = 9.3;
						TestTargetID = 5BE67BD520F1E7B60050DDCD;
					};
					5BE67BFB20F1E7B80050DDCD = {
						CreatedOnToolsVersion = 9.3;
						TestTargetID = 5BE67BD520F1E7B60050DDCD;
					};
				};
			};
			buildConfigurationList = 5BE67BD120F1E7B60050DDCD /* Build configuration list for PBXProject "FinalMajorProject" */;
			compatibilityVersion = "Xcode 9.3";
			developmentRegion = en;
			hasScannedForEncodings = 0;
			knownRegions = (
				en,
				Base,
			);
			mainGroup = 5BE67BCD20F1E7B60050DDCD;
			productRefGroup = 5BE67BD720F1E7B60050DDCD /* Products */;
			projectDirPath = "";
			projectRoot = "";
			targets = (
				5BE67BD520F1E7B60050DDCD /* FinalMajorProject */,
				5BE67BF020F1E7B80050DDCD /* FinalMajorProjectTests */,
				5BE67BFB20F1E7B80050DDCD /* FinalMajorProjectUITests */,
			);
		};
/* End PBXProject section */

/* Begin PBXResourcesBuildPhase section */
		5BE67BD420F1E7B60050DDCD /* Resources */ = {
			isa = PBXResourcesBuildPhase;
			buildActionMask = 2147483647;
			files = (
				5B23D36B210E2B0700147002 /* Line.png in Resources */,
				5B23D371210E2C6A00147002 /* LinePlay.png in Resources */,
				5B23D359210E23F200147002 /* Next.png in Resources */,
				5B6A39E9210AF98A00FFBAF8 /* RecordButton_highlight.png in Resources */,
				5B23D366210E274800147002 /* pause.png in Resources */,
				5BD7CF852124F10A008C36FB /* LaunchScreen.jpg in Resources */,
				5BE01F3C2109B7D400D0C880 /* BG_Image_2.jpg in Resources */,
				5BE58E7721085B1000A6B6D8 /* About.txt in Resources */,
				5BE67BE920F1E7B80050DDCD /* LaunchScreen.storyboard in Resources */,
				5B23D361210E26A500147002 /* Loop2.png in Resources */,
				5B23D357210DAA0100147002 /* BG_transfer.jpg in Resources */,
				5BE58E8221085E3F00A6B6D8 /* BG_Image.jpg in Resources */,
				5BE67BE620F1E7B80050DDCD /* Assets.xcassets in Resources */,
				5BE67BE120F1E7B70050DDCD /* Main.storyboard in Resources */,
				5BEDC89F20F33B9400996F53 /* index.html in Resources */,
				5B6A39EA210AF98A00FFBAF8 /* PlayButton_highlight.png in Resources */,
				5B23D373210E2CC300147002 /* reset.png in Resources */,
				5B6A39EB210AF98A00FFBAF8 /* PlayButton.png in Resources */,
				5BEDC8A020F33B9400996F53 /* upload.html in Resources */,
				5BE58E7521085B1000A6B6D8 /* README.txt in Resources */,
				5B23D36D210E2C0000147002 /* LinePause.png in Resources */,
				5B23D377210E2D7C00147002 /* stoprecord.png in Resources */,
				5B23D360210E26A500147002 /* Loop1.png in Resources */,
				5B23D35B210E240000147002 /* Pre.png in Resources */,
				5BE01F3E2109CD1A00D0C880 /* BG_Image_3.jpg in Resources */,
				5B23D362210E26A500147002 /* list1.png in Resources */,
				5B23D367210E274800147002 /* play.png in Resources */,
				5B23D363210E26A500147002 /* List2.png in Resources */,
				5B6A39EC210AF98A00FFBAF8 /* RecordButton.png in Resources */,
				5B23D375210E2D7700147002 /* Record.png in Resources */,
				5BE58E7021085B1000A6B6D8 /* About.txt in Resources */,
			);
			runOnlyForDeploymentPostprocessing = 0;
		};
		5BE67BEF20F1E7B80050DDCD /* Resources */ = {
			isa = PBXResourcesBuildPhase;
			buildActionMask = 2147483647;
			files = (
			);
			runOnlyForDeploymentPostprocessing = 0;
		};
		5BE67BFA20F1E7B80050DDCD /* Resources */ = {
			isa = PBXResourcesBuildPhase;
			buildActionMask = 2147483647;
			files = (
			);
			runOnlyForDeploymentPostprocessing = 0;
		};
/* End PBXResourcesBuildPhase section */

/* Begin PBXShellScriptBuildPhase section */
		6EF6430A80EC6F416E5A5D92 /* [CP] Check Pods Manifest.lock */ = {
			isa = PBXShellScriptBuildPhase;
			buildActionMask = 2147483647;
			files = (
			);
			inputPaths = (
				"${PODS_PODFILE_DIR_PATH}/Podfile.lock",
				"${PODS_ROOT}/Manifest.lock",
			);
			name = "[CP] Check Pods Manifest.lock";
			outputPaths = (
				"$(DERIVED_FILE_DIR)/Pods-FinalMajorProject-checkManifestLockResult.txt",
			);
			runOnlyForDeploymentPostprocessing = 0;
			shellPath = /bin/sh;
			shellScript = "diff \"${PODS_PODFILE_DIR_PATH}/Podfile.lock\" \"${PODS_ROOT}/Manifest.lock\" > /dev/null\nif [ $? != 0 ] ; then\n    # print error to STDERR\n    echo \"error: The sandbox is not in sync with the Podfile.lock. Run 'pod install' or update your CocoaPods installation.\" >&2\n    exit 1\nfi\n# This output is used by Xcode 'outputs' to avoid re-running this script phase.\necho \"SUCCESS\" > \"${SCRIPT_OUTPUT_FILE_0}\"\n";
			showEnvVarsInLog = 0;
		};
/* End PBXShellScriptBuildPhase section */

/* Begin PBXSourcesBuildPhase section */
		5BE67BD220F1E7B60050DDCD /* Sources */ = {
			isa = PBXSourcesBuildPhase;
			buildActionMask = 2147483647;
			files = (
				5BE58E4D21085A6E00A6B6D8 /* HTTPRedirectResponse.m in Sources */,
				5BEDC8AC20F36F0400996F53 /* UIRecorderViewController.m in Sources */,
				5BE58E5521085A6E00A6B6D8 /* DDNumber.m in Sources */,
				5BF95E8B20FB1E390072A027 /* ViewController.m in Sources */,
				5BE67BE420F1E7B70050DDCD /* FinalMajorProject.xcdatamodeld in Sources */,
				5BEDC8B520F38A6B00996F53 /* WiFiConnectController.m in Sources */,
				5BE58E5721085A6E00A6B6D8 /* DDRange.m in Sources */,
				5BE58E5321085A6E00A6B6D8 /* MultipartMessageHeader.m in Sources */,
				5BE67BEC20F1E7B80050DDCD /* main.m in Sources */,
				5BEDC8AF20F36F1B00996F53 /* UIRepeatViewController.m in Sources */,
				5BE58E5621085A6E00A6B6D8 /* DDData.m in Sources */,
				5BE58E6F21085B1000A6B6D8 /* GCDAsyncSocket.m in Sources */,
				5BE58E7821085B1000A6B6D8 /* DDAbstractDatabaseLogger.m in Sources */,
				5BE58E4F21085A6E00A6B6D8 /* HTTPConnection.m in Sources */,
				5BE58E5421085A6E00A6B6D8 /* HTTPAuthenticationRequest.m in Sources */,
				5BE58E7221085B1000A6B6D8 /* DDASLLogger.m in Sources */,
				5BEDC89E20F33B9400996F53 /* MyHTTPConnection.m in Sources */,
				5BE58E5221085A6E00A6B6D8 /* MultipartFormDataParser.m in Sources */,
				5BE24E0520FDCB15007240DF /* DrawView.m in Sources */,
				5BE58E7121085B1000A6B6D8 /* DDTTYLogger.m in Sources */,
				5BE58E4A21085A6E00A6B6D8 /* HTTPDynamicFileResponse.m in Sources */,
				5BE58E4921085A6E00A6B6D8 /* HTTPDataResponse.m in Sources */,
				5BE67BDB20F1E7B60050DDCD /* AppDelegate.m in Sources */,
				5BE58E7921085B1000A6B6D8 /* DDFileLogger.m in Sources */,
				5BE58E4821085A6E00A6B6D8 /* HTTPErrorResponse.m in Sources */,
				5BEDC8BB20F6072900996F53 /* DefaultInstance.m in Sources */,
				5BE58E7621085B1000A6B6D8 /* DDLog.m in Sources */,
				5BE58E4B21085A6E00A6B6D8 /* HTTPFileResponse.m in Sources */,
				5BE58E7421085B1000A6B6D8 /* DispatchQueueLogFormatter.m in Sources */,
				5BEDC8B820F5EA3200996F53 /* UIAddViewViewController.m in Sources */,
				5BE58E5021085A6E00A6B6D8 /* WebSocket.m in Sources */,
				5BE58E7321085B1000A6B6D8 /* ContextFilterLogFormatter.m in Sources */,
				5B053DA5211A2196001343D1 /* UIViewController+Storyboard.m in Sources */,
				5BE58E5821085A6E00A6B6D8 /* HTTPServer.m in Sources */,
				5BE58E5121085A6E00A6B6D8 /* MultipartMessageHeaderField.m in Sources */,
				5BEDC8A620F341C600996F53 /* SJXCSMIPHelper.m in Sources */,
				5BE58E4E21085A6E00A6B6D8 /* HTTPMessage.m in Sources */,
				5BEDC8A920F36EE000996F53 /* UIPlayerListViewController.m in Sources */,
				5BE58E4C21085A6E00A6B6D8 /* HTTPAsyncFileResponse.m in Sources */,
			);
			runOnlyForDeploymentPostprocessing = 0;
		};
		5BE67BED20F1E7B80050DDCD /* Sources */ = {
			isa = PBXSourcesBuildPhase;
			buildActionMask = 2147483647;
			files = (
				5BE67BF620F1E7B80050DDCD /* FinalMajorProjectTests.m in Sources */,
			);
			runOnlyForDeploymentPostprocessing = 0;
		};
		5BE67BF820F1E7B80050DDCD /* Sources */ = {
			isa = PBXSourcesBuildPhase;
			buildActionMask = 2147483647;
			files = (
				5BE67C0120F1E7B80050DDCD /* FinalMajorProjectUITests.m in Sources */,
			);
			runOnlyForDeploymentPostprocessing = 0;
		};
/* End PBXSourcesBuildPhase section */

/* Begin PBXTargetDependency section */
		5BE67BF320F1E7B80050DDCD /* PBXTargetDependency */ = {
			isa = PBXTargetDependency;
			target = 5BE67BD520F1E7B60050DDCD /* FinalMajorProject */;
			targetProxy = 5BE67BF220F1E7B80050DDCD /* PBXContainerItemProxy */;
		};
		5BE67BFE20F1E7B80050DDCD /* PBXTargetDependency */ = {
			isa = PBXTargetDependency;
			target = 5BE67BD520F1E7B60050DDCD /* FinalMajorProject */;
			targetProxy = 5BE67BFD20F1E7B80050DDCD /* PBXContainerItemProxy */;
		};
/* End PBXTargetDependency section */

/* Begin PBXVariantGroup section */
		5BE67BDF20F1E7B70050DDCD /* Main.storyboard */ = {
			isa = PBXVariantGroup;
			children = (
				5BE67BE020F1E7B70050DDCD /* Base */,
			);
			name = Main.storyboard;
			sourceTree = "<group>";
		};
		5BE67BE720F1E7B80050DDCD /* LaunchScreen.storyboard */ = {
			isa = PBXVariantGroup;
			children = (
				5BE67BE820F1E7B80050DDCD /* Base */,
			);
			name = LaunchScreen.storyboard;
			sourceTree = "<group>";
		};
/* End PBXVariantGroup section */

/* Begin XCBuildConfiguration section */
		5BE67C0320F1E7B80050DDCD /* Debug */ = {
			isa = XCBuildConfiguration;
			buildSettings = {
				ALWAYS_SEARCH_USER_PATHS = NO;
				CLANG_ANALYZER_NONNULL = YES;
				CLANG_ANALYZER_NUMBER_OBJECT_CONVERSION = YES_AGGRESSIVE;
				CLANG_CXX_LANGUAGE_STANDARD = "gnu++14";
				CLANG_CXX_LIBRARY = "libc++";
				CLANG_ENABLE_MODULES = YES;
				CLANG_ENABLE_OBJC_ARC = YES;
				CLANG_ENABLE_OBJC_WEAK = YES;
				CLANG_WARN_BLOCK_CAPTURE_AUTORELEASING = YES;
				CLANG_WARN_BOOL_CONVERSION = YES;
				CLANG_WARN_COMMA = YES;
				CLANG_WARN_CONSTANT_CONVERSION = YES;
				CLANG_WARN_DEPRECATED_OBJC_IMPLEMENTATIONS = YES;
				CLANG_WARN_DIRECT_OBJC_ISA_USAGE = YES_ERROR;
				CLANG_WARN_DOCUMENTATION_COMMENTS = YES;
				CLANG_WARN_EMPTY_BODY = YES;
				CLANG_WARN_ENUM_CONVERSION = YES;
				CLANG_WARN_INFINITE_RECURSION = YES;
				CLANG_WARN_INT_CONVERSION = YES;
				CLANG_WARN_NON_LITERAL_NULL_CONVERSION = YES;
				CLANG_WARN_OBJC_IMPLICIT_RETAIN_SELF = YES;
				CLANG_WARN_OBJC_LITERAL_CONVERSION = YES;
				CLANG_WARN_OBJC_ROOT_CLASS = YES_ERROR;
				CLANG_WARN_RANGE_LOOP_ANALYSIS = YES;
				CLANG_WARN_STRICT_PROTOTYPES = YES;
				CLANG_WARN_SUSPICIOUS_MOVE = YES;
				CLANG_WARN_UNGUARDED_AVAILABILITY = YES_AGGRESSIVE;
				CLANG_WARN_UNREACHABLE_CODE = YES;
				CLANG_WARN__DUPLICATE_METHOD_MATCH = YES;
				CODE_SIGN_IDENTITY = "iPhone Developer";
				COPY_PHASE_STRIP = NO;
				DEBUG_INFORMATION_FORMAT = dwarf;
				ENABLE_STRICT_OBJC_MSGSEND = YES;
				ENABLE_TESTABILITY = YES;
				GCC_C_LANGUAGE_STANDARD = gnu11;
				GCC_DYNAMIC_NO_PIC = NO;
				GCC_NO_COMMON_BLOCKS = YES;
				GCC_OPTIMIZATION_LEVEL = 0;
				GCC_PREPROCESSOR_DEFINITIONS = (
					"DEBUG=1",
					"$(inherited)",
				);
				GCC_WARN_64_TO_32_BIT_CONVERSION = YES;
				GCC_WARN_ABOUT_RETURN_TYPE = YES_ERROR;
				GCC_WARN_UNDECLARED_SELECTOR = YES;
				GCC_WARN_UNINITIALIZED_AUTOS = YES_AGGRESSIVE;
				GCC_WARN_UNUSED_FUNCTION = YES;
				GCC_WARN_UNUSED_VARIABLE = YES;
				IPHONEOS_DEPLOYMENT_TARGET = 11.3;
				MTL_ENABLE_DEBUG_INFO = YES;
				ONLY_ACTIVE_ARCH = YES;
				SDKROOT = iphoneos;
			};
			name = Debug;
		};
		5BE67C0420F1E7B80050DDCD /* Release */ = {
			isa = XCBuildConfiguration;
			buildSettings = {
				ALWAYS_SEARCH_USER_PATHS = NO;
				CLANG_ANALYZER_NONNULL = YES;
				CLANG_ANALYZER_NUMBER_OBJECT_CONVERSION = YES_AGGRESSIVE;
				CLANG_CXX_LANGUAGE_STANDARD = "gnu++14";
				CLANG_CXX_LIBRARY = "libc++";
				CLANG_ENABLE_MODULES = YES;
				CLANG_ENABLE_OBJC_ARC = YES;
				CLANG_ENABLE_OBJC_WEAK = YES;
				CLANG_WARN_BLOCK_CAPTURE_AUTORELEASING = YES;
				CLANG_WARN_BOOL_CONVERSION = YES;
				CLANG_WARN_COMMA = YES;
				CLANG_WARN_CONSTANT_CONVERSION = YES;
				CLANG_WARN_DEPRECATED_OBJC_IMPLEMENTATIONS = YES;
				CLANG_WARN_DIRECT_OBJC_ISA_USAGE = YES_ERROR;
				CLANG_WARN_DOCUMENTATION_COMMENTS = YES;
				CLANG_WARN_EMPTY_BODY = YES;
				CLANG_WARN_ENUM_CONVERSION = YES;
				CLANG_WARN_INFINITE_RECURSION = YES;
				CLANG_WARN_INT_CONVERSION = YES;
				CLANG_WARN_NON_LITERAL_NULL_CONVERSION = YES;
				CLANG_WARN_OBJC_IMPLICIT_RETAIN_SELF = YES;
				CLANG_WARN_OBJC_LITERAL_CONVERSION = YES;
				CLANG_WARN_OBJC_ROOT_CLASS = YES_ERROR;
				CLANG_WARN_RANGE_LOOP_ANALYSIS = YES;
				CLANG_WARN_STRICT_PROTOTYPES = YES;
				CLANG_WARN_SUSPICIOUS_MOVE = YES;
				CLANG_WARN_UNGUARDED_AVAILABILITY = YES_AGGRESSIVE;
				CLANG_WARN_UNREACHABLE_CODE = YES;
				CLANG_WARN__DUPLICATE_METHOD_MATCH = YES;
				CODE_SIGN_IDENTITY = "iPhone Developer";
				COPY_PHASE_STRIP = NO;
				DEBUG_INFORMATION_FORMAT = "dwarf-with-dsym";
				ENABLE_NS_ASSERTIONS = NO;
				ENABLE_STRICT_OBJC_MSGSEND = YES;
				GCC_C_LANGUAGE_STANDARD = gnu11;
				GCC_NO_COMMON_BLOCKS = YES;
				GCC_WARN_64_TO_32_BIT_CONVERSION = YES;
				GCC_WARN_ABOUT_RETURN_TYPE = YES_ERROR;
				GCC_WARN_UNDECLARED_SELECTOR = YES;
				GCC_WARN_UNINITIALIZED_AUTOS = YES_AGGRESSIVE;
				GCC_WARN_UNUSED_FUNCTION = YES;
				GCC_WARN_UNUSED_VARIABLE = YES;
				IPHONEOS_DEPLOYMENT_TARGET = 11.3;
				MTL_ENABLE_DEBUG_INFO = NO;
				SDKROOT = iphoneos;
				VALIDATE_PRODUCT = YES;
			};
			name = Release;
		};
		5BE67C0620F1E7B90050DDCD /* Debug */ = {
			isa = XCBuildConfiguration;
			baseConfigurationReference = 77505A9AC9214C8453AE3B63 /* Pods-FinalMajorProject.debug.xcconfig */;
			buildSettings = {
				ASSETCATALOG_COMPILER_APPICON_NAME = AppIcon;
				CODE_SIGN_STYLE = Automatic;
				DEVELOPMENT_TEAM = QT6VR79Y5E;
				INFOPLIST_FILE = FinalMajorProject/Info.plist;
				IPHONEOS_DEPLOYMENT_TARGET = 9.0;
				LD_RUNPATH_SEARCH_PATHS = (
					"$(inherited)",
					"@executable_path/Frameworks",
				);
				PRODUCT_BUNDLE_IDENTIFIER = com.xiaohanyang.FinalMajorProject;
				PRODUCT_NAME = "$(TARGET_NAME)";
				TARGETED_DEVICE_FAMILY = 1;
			};
			name = Debug;
		};
		5BE67C0720F1E7B90050DDCD /* Release */ = {
			isa = XCBuildConfiguration;
			baseConfigurationReference = 2DF461171B7BFEC068812CCE /* Pods-FinalMajorProject.release.xcconfig */;
			buildSettings = {
				ASSETCATALOG_COMPILER_APPICON_NAME = AppIcon;
				CODE_SIGN_STYLE = Automatic;
				DEVELOPMENT_TEAM = QT6VR79Y5E;
				INFOPLIST_FILE = FinalMajorProject/Info.plist;
				IPHONEOS_DEPLOYMENT_TARGET = 9.0;
				LD_RUNPATH_SEARCH_PATHS = (
					"$(inherited)",
					"@executable_path/Frameworks",
				);
				PRODUCT_BUNDLE_IDENTIFIER = com.xiaohanyang.FinalMajorProject;
				PRODUCT_NAME = "$(TARGET_NAME)";
				TARGETED_DEVICE_FAMILY = 1;
			};
			name = Release;
		};
		5BE67C0920F1E7B90050DDCD /* Debug */ = {
			isa = XCBuildConfiguration;
			buildSettings = {
				BUNDLE_LOADER = "$(TEST_HOST)";
				CODE_SIGN_STYLE = Automatic;
				DEVELOPMENT_TEAM = QT6VR79Y5E;
				INFOPLIST_FILE = FinalMajorProjectTests/Info.plist;
				LD_RUNPATH_SEARCH_PATHS = (
					"$(inherited)",
					"@executable_path/Frameworks",
					"@loader_path/Frameworks",
				);
				PRODUCT_BUNDLE_IDENTIFIER = com.xiaohanyang.FinalMajorProjectTests;
				PRODUCT_NAME = "$(TARGET_NAME)";
				TARGETED_DEVICE_FAMILY = "1,2";
				TEST_HOST = "$(BUILT_PRODUCTS_DIR)/FinalMajorProject.app/FinalMajorProject";
			};
			name = Debug;
		};
		5BE67C0A20F1E7B90050DDCD /* Release */ = {
			isa = XCBuildConfiguration;
			buildSettings = {
				BUNDLE_LOADER = "$(TEST_HOST)";
				CODE_SIGN_STYLE = Automatic;
				DEVELOPMENT_TEAM = QT6VR79Y5E;
				INFOPLIST_FILE = FinalMajorProjectTests/Info.plist;
				LD_RUNPATH_SEARCH_PATHS = (
					"$(inherited)",
					"@executable_path/Frameworks",
					"@loader_path/Frameworks",
				);
				PRODUCT_BUNDLE_IDENTIFIER = com.xiaohanyang.FinalMajorProjectTests;
				PRODUCT_NAME = "$(TARGET_NAME)";
				TARGETED_DEVICE_FAMILY = "1,2";
				TEST_HOST = "$(BUILT_PRODUCTS_DIR)/FinalMajorProject.app/FinalMajorProject";
			};
			name = Release;
		};
		5BE67C0C20F1E7B90050DDCD /* Debug */ = {
			isa = XCBuildConfiguration;
			buildSettings = {
				CODE_SIGN_STYLE = Automatic;
				DEVELOPMENT_TEAM = QT6VR79Y5E;
				INFOPLIST_FILE = FinalMajorProjectUITests/Info.plist;
				LD_RUNPATH_SEARCH_PATHS = (
					"$(inherited)",
					"@executable_path/Frameworks",
					"@loader_path/Frameworks",
				);
				PRODUCT_BUNDLE_IDENTIFIER = com.xiaohanyang.FinalMajorProjectUITests;
				PRODUCT_NAME = "$(TARGET_NAME)";
				TARGETED_DEVICE_FAMILY = "1,2";
				TEST_TARGET_NAME = FinalMajorProject;
			};
			name = Debug;
		};
		5BE67C0D20F1E7B90050DDCD /* Release */ = {
			isa = XCBuildConfiguration;
			buildSettings = {
				CODE_SIGN_STYLE = Automatic;
				DEVELOPMENT_TEAM = QT6VR79Y5E;
				INFOPLIST_FILE = FinalMajorProjectUITests/Info.plist;
				LD_RUNPATH_SEARCH_PATHS = (
					"$(inherited)",
					"@executable_path/Frameworks",
					"@loader_path/Frameworks",
				);
				PRODUCT_BUNDLE_IDENTIFIER = com.xiaohanyang.FinalMajorProjectUITests;
				PRODUCT_NAME = "$(TARGET_NAME)";
				TARGETED_DEVICE_FAMILY = "1,2";
				TEST_TARGET_NAME = FinalMajorProject;
			};
			name = Release;
		};
/* End XCBuildConfiguration section */

/* Begin XCConfigurationList section */
		5BE67BD120F1E7B60050DDCD /* Build configuration list for PBXProject "FinalMajorProject" */ = {
			isa = XCConfigurationList;
			buildConfigurations = (
				5BE67C0320F1E7B80050DDCD /* Debug */,
				5BE67C0420F1E7B80050DDCD /* Release */,
			);
			defaultConfigurationIsVisible = 0;
			defaultConfigurationName = Release;
		};
		5BE67C0520F1E7B90050DDCD /* Build configuration list for PBXNativeTarget "FinalMajorProject" */ = {
			isa = XCConfigurationList;
			buildConfigurations = (
				5BE67C0620F1E7B90050DDCD /* Debug */,
				5BE67C0720F1E7B90050DDCD /* Release */,
			);
			defaultConfigurationIsVisible = 0;
			defaultConfigurationName = Release;
		};
		5BE67C0820F1E7B90050DDCD /* Build configuration list for PBXNativeTarget "FinalMajorProjectTests" */ = {
			isa = XCConfigurationList;
			buildConfigurations = (
				5BE67C0920F1E7B90050DDCD /* Debug */,
				5BE67C0A20F1E7B90050DDCD /* Release */,
			);
			defaultConfigurationIsVisible = 0;
			defaultConfigurationName = Release;
		};
		5BE67C0B20F1E7B90050DDCD /* Build configuration list for PBXNativeTarget "FinalMajorProjectUITests" */ = {
			isa = XCConfigurationList;
			buildConfigurations = (
				5BE67C0C20F1E7B90050DDCD /* Debug */,
				5BE67C0D20F1E7B90050DDCD /* Release */,
			);
			defaultConfigurationIsVisible = 0;
			defaultConfigurationName = Release;
		};
/* End XCConfigurationList section */

/* Begin XCVersionGroup section */
		5BE67BE220F1E7B70050DDCD /* FinalMajorProject.xcdatamodeld */ = {
			isa = XCVersionGroup;
			children = (
				5BE67BE320F1E7B70050DDCD /* FinalMajorProject.xcdatamodel */,
			);
			currentVersion = 5BE67BE320F1E7B70050DDCD /* FinalMajorProject.xcdatamodel */;
			path = FinalMajorProject.xcdatamodeld;
			sourceTree = "<group>";
			versionGroupType = wrapper.xcdatamodel;
		};
/* End XCVersionGroup section */
	};
	rootObject = 5BE67BCE20F1E7B60050DDCD /* Project object */;
}
